
Microsoft Visual Studio Solution File, Format Version 12.00
# Visual Studio Version 17
VisualStudioVersion = 17.0.32112.339
MinimumVisualStudioVersion = 10.0.40219.1
Project("{FAE04EC0-301F-11D3-BF4B-00C04F79EFBC}") = "ARS", "ARS\ARS.csproj", "{903F274B-FB49-4EC8-9252-D52F2606CC17}"
EndProject
Global
	GlobalSection(SolutionConfigurationPlatforms) = preSolution
		Debug|Any CPU = Debug|Any CPU
		Release|Any CPU = Release|Any CPU
	EndGlobalSection
	GlobalSection(ProjectConfigurationPlatforms) = postSolution
		{903F274B-FB49-4EC8-9252-D52F2606CC17}.Debug|Any CPU.ActiveCfg = Debug|Any CPU
		{903F274B-FB49-4EC8-9252-D52F2606CC17}.Debug|Any CPU.Build.0 = Debug|Any CPU
		{903F274B-FB49-4EC8-9252-D52F2606CC17}.Release|Any CPU.ActiveCfg = Release|Any CPU
		{903F274B-FB49-4EC8-9252-D52F2606CC17}.Release|Any CPU.Build.0 = Release|Any CPU
	EndGlobalSection
	GlobalSection(SolutionProperties) = preSolution
		HideSolutionNode = FALSE
	EndGlobalSection
	GlobalSection(ExtensibilityGlobals) = postSolution
		SolutionGuid = {97674E28-5B48-4048-B347-2F3DCC44F853}
	EndGlobalSection
EndGlobal
